
Microsoft Visual Studio Solution File, Format Version 12.00
# Visual Studio Version 17
VisualStudioVersion = 17.3.32825.248
MinimumVisualStudioVersion = 10.0.40219.1
Project("{FAE04EC0-301F-11D3-BF4B-00C04F79EFBC}") = "PYP_Task_Seven_Delegates", "PYP_Task_Seven_Delegates\PYP_Task_Seven_Delegates.csproj", "{8469B6C1-ED3F-4FF7-B480-70220866F922}"
EndProject
Global
	GlobalSection(SolutionConfigurationPlatforms) = preSolution
		Debug|Any CPU = Debug|Any CPU
		Release|Any CPU = Release|Any CPU
	EndGlobalSection
	GlobalSection(ProjectConfigurationPlatforms) = postSolution
		{8469B6C1-ED3F-4FF7-B480-70220866F922}.Debug|Any CPU.ActiveCfg = Debug|Any CPU
		{8469B6C1-ED3F-4FF7-B480-70220866F922}.Debug|Any CPU.Build.0 = Debug|Any CPU
		{8469B6C1-ED3F-4FF7-B480-70220866F922}.Release|Any CPU.ActiveCfg = Release|Any CPU
		{8469B6C1-ED3F-4FF7-B480-70220866F922}.Release|Any CPU.Build.0 = Release|Any CPU
	EndGlobalSection
	GlobalSection(SolutionProperties) = preSolution
		HideSolutionNode = FALSE
	EndGlobalSection
	GlobalSection(ExtensibilityGlobals) = postSolution
		SolutionGuid = {316CCDF4-DFC8-4F4C-A7DF-1972046FDA8A}
	EndGlobalSection
EndGlobal
